// !$*UTF8*$!
{
	archiveVersion = 1;
	classes = {
	};
	objectVersion = 56;
	objects = {

/* Begin PBXBuildFile section */
		A6D6DEB52959634F00113D20 /* PasskeyExperimentApp.swift in Sources */ = {isa = PBXBuildFile; fileRef = A6D6DEB42959634F00113D20 /* PasskeyExperimentApp.swift */; };
		A6D6DEB72959634F00113D20 /* SignUpWithPasswordView.swift in Sources */ = {isa = PBXBuildFile; fileRef = A6D6DEB62959634F00113D20 /* SignUpWithPasswordView.swift */; };
		A6D6DEB92959635000113D20 /* Assets.xcassets in Resources */ = {isa = PBXBuildFile; fileRef = A6D6DEB82959635000113D20 /* Assets.xcassets */; };
		A6D6DEBC2959635000113D20 /* Preview Assets.xcassets in Resources */ = {isa = PBXBuildFile; fileRef = A6D6DEBB2959635000113D20 /* Preview Assets.xcassets */; };
		A6D6DEC62959635100113D20 /* PasskeyExperimentTests.swift in Sources */ = {isa = PBXBuildFile; fileRef = A6D6DEC52959635100113D20 /* PasskeyExperimentTests.swift */; };
		A6D6DED02959635100113D20 /* PasskeyExperimentUITests.swift in Sources */ = {isa = PBXBuildFile; fileRef = A6D6DECF2959635100113D20 /* PasskeyExperimentUITests.swift */; };
		A6D6DED22959635100113D20 /* PasskeyExperimentUITestsLaunchTests.swift in Sources */ = {isa = PBXBuildFile; fileRef = A6D6DED12959635100113D20 /* PasskeyExperimentUITestsLaunchTests.swift */; };
		A6D6DEE02959651700113D20 /* GlobalStrings.swift in Sources */ = {isa = PBXBuildFile; fileRef = A6D6DEDF2959651700113D20 /* GlobalStrings.swift */; };
		A6D6DEE22959707600113D20 /* TitleView.swift in Sources */ = {isa = PBXBuildFile; fileRef = A6D6DEE12959707600113D20 /* TitleView.swift */; };
		A6D6DEE4295970AD00113D20 /* ButtonView.swift in Sources */ = {isa = PBXBuildFile; fileRef = A6D6DEE3295970AD00113D20 /* ButtonView.swift */; };
		A6D6DEE6295970DA00113D20 /* TextFieldView.swift in Sources */ = {isa = PBXBuildFile; fileRef = A6D6DEE5295970DA00113D20 /* TextFieldView.swift */; };
		A6D6DEE82959710400113D20 /* OptionView.swift in Sources */ = {isa = PBXBuildFile; fileRef = A6D6DEE72959710400113D20 /* OptionView.swift */; };
		A6D6DEEA2959736700113D20 /* SignInWithPasswordView.swift in Sources */ = {isa = PBXBuildFile; fileRef = A6D6DEE92959736700113D20 /* SignInWithPasswordView.swift */; };
		A6D6DEEC295977E700113D20 /* MainCoordinator.swift in Sources */ = {isa = PBXBuildFile; fileRef = A6D6DEEB295977E700113D20 /* MainCoordinator.swift */; };
		A6D6DEF02959842A00113D20 /* SignInWithPassKeyView.swift in Sources */ = {isa = PBXBuildFile; fileRef = A6D6DEEF2959842A00113D20 /* SignInWithPassKeyView.swift */; };
		A6D6DEF4295988F600113D20 /* SignUpDelegate.swift in Sources */ = {isa = PBXBuildFile; fileRef = A6D6DEF3295988F600113D20 /* SignUpDelegate.swift */; };
		A6D6DEF62959892D00113D20 /* SignInDelegate.swift in Sources */ = {isa = PBXBuildFile; fileRef = A6D6DEF52959892D00113D20 /* SignInDelegate.swift */; };
		A6D6DEF829598ADF00113D20 /* SignUpWithPasskeyView.swift in Sources */ = {isa = PBXBuildFile; fileRef = A6D6DEF729598ADF00113D20 /* SignUpWithPasskeyView.swift */; };
		A6D6DEFA2959A51E00113D20 /* SecureInputField.swift in Sources */ = {isa = PBXBuildFile; fileRef = A6D6DEF92959A51E00113D20 /* SecureInputField.swift */; };
		A6D6DEFD2959AD8B00113D20 /* HomeScreenCoordinator.swift in Sources */ = {isa = PBXBuildFile; fileRef = A6D6DEFC2959AD8B00113D20 /* HomeScreenCoordinator.swift */; };
		A6D6DF002959B2B000113D20 /* ProfileView.swift in Sources */ = {isa = PBXBuildFile; fileRef = A6D6DEFF2959B2B000113D20 /* ProfileView.swift */; };
		A6D6DF032959B85C00113D20 /* ThemeColor.swift in Sources */ = {isa = PBXBuildFile; fileRef = A6D6DF022959B85C00113D20 /* ThemeColor.swift */; };
		A6D6DF062959BFC600113D20 /* MyAccount.swift in Sources */ = {isa = PBXBuildFile; fileRef = A6D6DF052959BFC600113D20 /* MyAccount.swift */; };
/* End PBXBuildFile section */

/* Begin PBXContainerItemProxy section */
		A6D6DEC22959635100113D20 /* PBXContainerItemProxy */ = {
			isa = PBXContainerItemProxy;
			containerPortal = A6D6DEA92959634F00113D20 /* Project object */;
			proxyType = 1;
			remoteGlobalIDString = A6D6DEB02959634F00113D20;
			remoteInfo = PasskeyExperiment;
		};
		A6D6DECC2959635100113D20 /* PBXContainerItemProxy */ = {
			isa = PBXContainerItemProxy;
			containerPortal = A6D6DEA92959634F00113D20 /* Project object */;
			proxyType = 1;
			remoteGlobalIDString = A6D6DEB02959634F00113D20;
			remoteInfo = PasskeyExperiment;
		};
/* End PBXContainerItemProxy section */

/* Begin PBXFileReference section */
		A6D6DEB12959634F00113D20 /* PasskeyExperiment.app */ = {isa = PBXFileReference; explicitFileType = wrapper.application; includeInIndex = 0; path = PasskeyExperiment.app; sourceTree = BUILT_PRODUCTS_DIR; };
		A6D6DEB42959634F00113D20 /* PasskeyExperimentApp.swift */ = {isa = PBXFileReference; lastKnownFileType = sourcecode.swift; path = PasskeyExperimentApp.swift; sourceTree = "<group>"; };
		A6D6DEB62959634F00113D20 /* SignUpWithPasswordView.swift */ = {isa = PBXFileReference; lastKnownFileType = sourcecode.swift; path = SignUpWithPasswordView.swift; sourceTree = "<group>"; };
		A6D6DEB82959635000113D20 /* Assets.xcassets */ = {isa = PBXFileReference; lastKnownFileType = folder.assetcatalog; path = Assets.xcassets; sourceTree = "<group>"; };
		A6D6DEBB2959635000113D20 /* Preview Assets.xcassets */ = {isa = PBXFileReference; lastKnownFileType = folder.assetcatalog; path = "Preview Assets.xcassets"; sourceTree = "<group>"; };
		A6D6DEC12959635100113D20 /* PasskeyExperimentTests.xctest */ = {isa = PBXFileReference; explicitFileType = wrapper.cfbundle; includeInIndex = 0; path = PasskeyExperimentTests.xctest; sourceTree = BUILT_PRODUCTS_DIR; };
		A6D6DEC52959635100113D20 /* PasskeyExperimentTests.swift */ = {isa = PBXFileReference; lastKnownFileType = sourcecode.swift; path = PasskeyExperimentTests.swift; sourceTree = "<group>"; };
		A6D6DECB2959635100113D20 /* PasskeyExperimentUITests.xctest */ = {isa = PBXFileReference; explicitFileType = wrapper.cfbundle; includeInIndex = 0; path = PasskeyExperimentUITests.xctest; sourceTree = BUILT_PRODUCTS_DIR; };
		A6D6DECF2959635100113D20 /* PasskeyExperimentUITests.swift */ = {isa = PBXFileReference; lastKnownFileType = sourcecode.swift; path = PasskeyExperimentUITests.swift; sourceTree = "<group>"; };
		A6D6DED12959635100113D20 /* PasskeyExperimentUITestsLaunchTests.swift */ = {isa = PBXFileReference; lastKnownFileType = sourcecode.swift; path = PasskeyExperimentUITestsLaunchTests.swift; sourceTree = "<group>"; };
		A6D6DEDF2959651700113D20 /* GlobalStrings.swift */ = {isa = PBXFileReference; lastKnownFileType = sourcecode.swift; path = GlobalStrings.swift; sourceTree = "<group>"; };
		A6D6DEE12959707600113D20 /* TitleView.swift */ = {isa = PBXFileReference; lastKnownFileType = sourcecode.swift; path = TitleView.swift; sourceTree = "<group>"; };
		A6D6DEE3295970AD00113D20 /* ButtonView.swift */ = {isa = PBXFileReference; lastKnownFileType = sourcecode.swift; path = ButtonView.swift; sourceTree = "<group>"; };
		A6D6DEE5295970DA00113D20 /* TextFieldView.swift */ = {isa = PBXFileReference; lastKnownFileType = sourcecode.swift; path = TextFieldView.swift; sourceTree = "<group>"; };
		A6D6DEE72959710400113D20 /* OptionView.swift */ = {isa = PBXFileReference; lastKnownFileType = sourcecode.swift; path = OptionView.swift; sourceTree = "<group>"; };
		A6D6DEE92959736700113D20 /* SignInWithPasswordView.swift */ = {isa = PBXFileReference; lastKnownFileType = sourcecode.swift; path = SignInWithPasswordView.swift; sourceTree = "<group>"; };
		A6D6DEEB295977E700113D20 /* MainCoordinator.swift */ = {isa = PBXFileReference; lastKnownFileType = sourcecode.swift; path = MainCoordinator.swift; sourceTree = "<group>"; };
		A6D6DEEF2959842A00113D20 /* SignInWithPassKeyView.swift */ = {isa = PBXFileReference; lastKnownFileType = sourcecode.swift; path = SignInWithPassKeyView.swift; sourceTree = "<group>"; };
		A6D6DEF3295988F600113D20 /* SignUpDelegate.swift */ = {isa = PBXFileReference; lastKnownFileType = sourcecode.swift; path = SignUpDelegate.swift; sourceTree = "<group>"; };
		A6D6DEF52959892D00113D20 /* SignInDelegate.swift */ = {isa = PBXFileReference; lastKnownFileType = sourcecode.swift; path = SignInDelegate.swift; sourceTree = "<group>"; };
		A6D6DEF729598ADF00113D20 /* SignUpWithPasskeyView.swift */ = {isa = PBXFileReference; lastKnownFileType = sourcecode.swift; path = SignUpWithPasskeyView.swift; sourceTree = "<group>"; };
		A6D6DEF92959A51E00113D20 /* SecureInputField.swift */ = {isa = PBXFileReference; lastKnownFileType = sourcecode.swift; path = SecureInputField.swift; sourceTree = "<group>"; };
		A6D6DEFC2959AD8B00113D20 /* HomeScreenCoordinator.swift */ = {isa = PBXFileReference; lastKnownFileType = sourcecode.swift; path = HomeScreenCoordinator.swift; sourceTree = "<group>"; };
		A6D6DEFF2959B2B000113D20 /* ProfileView.swift */ = {isa = PBXFileReference; lastKnownFileType = sourcecode.swift; path = ProfileView.swift; sourceTree = "<group>"; };
		A6D6DF022959B85C00113D20 /* ThemeColor.swift */ = {isa = PBXFileReference; lastKnownFileType = sourcecode.swift; path = ThemeColor.swift; sourceTree = "<group>"; };
		A6D6DF052959BFC600113D20 /* MyAccount.swift */ = {isa = PBXFileReference; lastKnownFileType = sourcecode.swift; path = MyAccount.swift; sourceTree = "<group>"; };
/* End PBXFileReference section */

/* Begin PBXFrameworksBuildPhase section */
		A6D6DEAE2959634F00113D20 /* Frameworks */ = {
			isa = PBXFrameworksBuildPhase;
			buildActionMask = 2147483647;
			files = (
			);
			runOnlyForDeploymentPostprocessing = 0;
		};
		A6D6DEBE2959635100113D20 /* Frameworks */ = {
			isa = PBXFrameworksBuildPhase;
			buildActionMask = 2147483647;
			files = (
			);
			runOnlyForDeploymentPostprocessing = 0;
		};
		A6D6DEC82959635100113D20 /* Frameworks */ = {
			isa = PBXFrameworksBuildPhase;
			buildActionMask = 2147483647;
			files = (
			);
			runOnlyForDeploymentPostprocessing = 0;
		};
/* End PBXFrameworksBuildPhase section */

/* Begin PBXGroup section */
		A6D6DEA82959634F00113D20 = {
			isa = PBXGroup;
			children = (
				A6D6DEB32959634F00113D20 /* PasskeyExperiment */,
				A6D6DEC42959635100113D20 /* PasskeyExperimentTests */,
				A6D6DECE2959635100113D20 /* PasskeyExperimentUITests */,
				A6D6DEB22959634F00113D20 /* Products */,
			);
			sourceTree = "<group>";
		};
		A6D6DEB22959634F00113D20 /* Products */ = {
			isa = PBXGroup;
			children = (
				A6D6DEB12959634F00113D20 /* PasskeyExperiment.app */,
				A6D6DEC12959635100113D20 /* PasskeyExperimentTests.xctest */,
				A6D6DECB2959635100113D20 /* PasskeyExperimentUITests.xctest */,
			);
			name = Products;
			sourceTree = "<group>";
		};
		A6D6DEB32959634F00113D20 /* PasskeyExperiment */ = {
			isa = PBXGroup;
			children = (
				A6D6DF012959B84C00113D20 /* Theme */,
				A6D6DEF22959872100113D20 /* HelperViews */,
				A6D6DEF12959870A00113D20 /* MainCoordinator */,
				A6D6DEDE295964F100113D20 /* Strings */,
				A6D6DEB42959634F00113D20 /* PasskeyExperimentApp.swift */,
				A6D6DEB82959635000113D20 /* Assets.xcassets */,
				A6D6DEBA2959635000113D20 /* Preview Content */,
			);
			path = PasskeyExperiment;
			sourceTree = "<group>";
		};
		A6D6DEBA2959635000113D20 /* Preview Content */ = {
			isa = PBXGroup;
			children = (
				A6D6DEBB2959635000113D20 /* Preview Assets.xcassets */,
			);
			path = "Preview Content";
			sourceTree = "<group>";
		};
		A6D6DEC42959635100113D20 /* PasskeyExperimentTests */ = {
			isa = PBXGroup;
			children = (
				A6D6DEC52959635100113D20 /* PasskeyExperimentTests.swift */,
			);
			path = PasskeyExperimentTests;
			sourceTree = "<group>";
		};
		A6D6DECE2959635100113D20 /* PasskeyExperimentUITests */ = {
			isa = PBXGroup;
			children = (
				A6D6DECF2959635100113D20 /* PasskeyExperimentUITests.swift */,
				A6D6DED12959635100113D20 /* PasskeyExperimentUITestsLaunchTests.swift */,
			);
			path = PasskeyExperimentUITests;
			sourceTree = "<group>";
		};
		A6D6DEDE295964F100113D20 /* Strings */ = {
			isa = PBXGroup;
			children = (
				A6D6DEDF2959651700113D20 /* GlobalStrings.swift */,
			);
			path = Strings;
			sourceTree = "<group>";
		};
		A6D6DEED295983BF00113D20 /* SignUp */ = {
			isa = PBXGroup;
			children = (
				A6D6DEB62959634F00113D20 /* SignUpWithPasswordView.swift */,
				A6D6DEF3295988F600113D20 /* SignUpDelegate.swift */,
				A6D6DEF729598ADF00113D20 /* SignUpWithPasskeyView.swift */,
			);
			path = SignUp;
			sourceTree = "<group>";
		};
		A6D6DEEE295983CB00113D20 /* SignIn */ = {
			isa = PBXGroup;
			children = (
				A6D6DEE92959736700113D20 /* SignInWithPasswordView.swift */,
				A6D6DEEF2959842A00113D20 /* SignInWithPassKeyView.swift */,
				A6D6DEF52959892D00113D20 /* SignInDelegate.swift */,
			);
			path = SignIn;
			sourceTree = "<group>";
		};
		A6D6DEF12959870A00113D20 /* MainCoordinator */ = {
			isa = PBXGroup;
			children = (
				A6D6DEFB2959AD7500113D20 /* HomeScreen */,
				A6D6DEED295983BF00113D20 /* SignUp */,
				A6D6DEEE295983CB00113D20 /* SignIn */,
				A6D6DEEB295977E700113D20 /* MainCoordinator.swift */,
			);
			path = MainCoordinator;
			sourceTree = "<group>";
		};
		A6D6DEF22959872100113D20 /* HelperViews */ = {
			isa = PBXGroup;
			children = (
				A6D6DEE5295970DA00113D20 /* TextFieldView.swift */,
				A6D6DEE12959707600113D20 /* TitleView.swift */,
				A6D6DEE3295970AD00113D20 /* ButtonView.swift */,
				A6D6DEE72959710400113D20 /* OptionView.swift */,
				A6D6DEF92959A51E00113D20 /* SecureInputField.swift */,
			);
			path = HelperViews;
			sourceTree = "<group>";
		};
		A6D6DEFB2959AD7500113D20 /* HomeScreen */ = {
			isa = PBXGroup;
			children = (
				A6D6DF042959BFB100113D20 /* MyAccount */,
				A6D6DEFE2959B29C00113D20 /* Profile */,
				A6D6DEFC2959AD8B00113D20 /* HomeScreenCoordinator.swift */,
			);
			path = HomeScreen;
			sourceTree = "<group>";
		};
		A6D6DEFE2959B29C00113D20 /* Profile */ = {
			isa = PBXGroup;
			children = (
				A6D6DEFF2959B2B000113D20 /* ProfileView.swift */,
			);
			path = Profile;
			sourceTree = "<group>";
		};
		A6D6DF012959B84C00113D20 /* Theme */ = {
			isa = PBXGroup;
			children = (
				A6D6DF022959B85C00113D20 /* ThemeColor.swift */,
			);
			path = Theme;
			sourceTree = "<group>";
		};
		A6D6DF042959BFB100113D20 /* MyAccount */ = {
			isa = PBXGroup;
			children = (
				A6D6DF052959BFC600113D20 /* MyAccount.swift */,
			);
			path = MyAccount;
			sourceTree = "<group>";
		};
/* End PBXGroup section */

/* Begin PBXNativeTarget section */
		A6D6DEB02959634F00113D20 /* PasskeyExperiment */ = {
			isa = PBXNativeTarget;
			buildConfigurationList = A6D6DED52959635100113D20 /* Build configuration list for PBXNativeTarget "PasskeyExperiment" */;
			buildPhases = (
				A6D6DEAD2959634F00113D20 /* Sources */,
				A6D6DEAE2959634F00113D20 /* Frameworks */,
				A6D6DEAF2959634F00113D20 /* Resources */,
			);
			buildRules = (
			);
			dependencies = (
			);
			name = PasskeyExperiment;
			productName = PasskeyExperiment;
			productReference = A6D6DEB12959634F00113D20 /* PasskeyExperiment.app */;
			productType = "com.apple.product-type.application";
		};
		A6D6DEC02959635100113D20 /* PasskeyExperimentTests */ = {
			isa = PBXNativeTarget;
			buildConfigurationList = A6D6DED82959635100113D20 /* Build configuration list for PBXNativeTarget "PasskeyExperimentTests" */;
			buildPhases = (
				A6D6DEBD2959635100113D20 /* Sources */,
				A6D6DEBE2959635100113D20 /* Frameworks */,
				A6D6DEBF2959635100113D20 /* Resources */,
			);
			buildRules = (
			);
			dependencies = (
				A6D6DEC32959635100113D20 /* PBXTargetDependency */,
			);
			name = PasskeyExperimentTests;
			productName = PasskeyExperimentTests;
			productReference = A6D6DEC12959635100113D20 /* PasskeyExperimentTests.xctest */;
			productType = "com.apple.product-type.bundle.unit-test";
		};
		A6D6DECA2959635100113D20 /* PasskeyExperimentUITests */ = {
			isa = PBXNativeTarget;
			buildConfigurationList = A6D6DEDB2959635100113D20 /* Build configuration list for PBXNativeTarget "PasskeyExperimentUITests" */;
			buildPhases = (
				A6D6DEC72959635100113D20 /* Sources */,
				A6D6DEC82959635100113D20 /* Frameworks */,
				A6D6DEC92959635100113D20 /* Resources */,
			);
			buildRules = (
			);
			dependencies = (
				A6D6DECD2959635100113D20 /* PBXTargetDependency */,
			);
			name = PasskeyExperimentUITests;
			productName = PasskeyExperimentUITests;
			productReference = A6D6DECB2959635100113D20 /* PasskeyExperimentUITests.xctest */;
			productType = "com.apple.product-type.bundle.ui-testing";
		};
/* End PBXNativeTarget section */

/* Begin PBXProject section */
		A6D6DEA92959634F00113D20 /* Project object */ = {
			isa = PBXProject;
			attributes = {
				BuildIndependentTargetsInParallel = 1;
				LastSwiftUpdateCheck = 1410;
				LastUpgradeCheck = 1410;
				TargetAttributes = {
					A6D6DEB02959634F00113D20 = {
						CreatedOnToolsVersion = 14.1;
					};
					A6D6DEC02959635100113D20 = {
						CreatedOnToolsVersion = 14.1;
						TestTargetID = A6D6DEB02959634F00113D20;
					};
					A6D6DECA2959635100113D20 = {
						CreatedOnToolsVersion = 14.1;
						TestTargetID = A6D6DEB02959634F00113D20;
					};
				};
			};
			buildConfigurationList = A6D6DEAC2959634F00113D20 /* Build configuration list for PBXProject "PasskeyExperiment" */;
			compatibilityVersion = "Xcode 14.0";
			developmentRegion = en;
			hasScannedForEncodings = 0;
			knownRegions = (
				en,
				Base,
			);
			mainGroup = A6D6DEA82959634F00113D20;
			productRefGroup = A6D6DEB22959634F00113D20 /* Products */;
			projectDirPath = "";
			projectRoot = "";
			targets = (
				A6D6DEB02959634F00113D20 /* PasskeyExperiment */,
				A6D6DEC02959635100113D20 /* PasskeyExperimentTests */,
				A6D6DECA2959635100113D20 /* PasskeyExperimentUITests */,
			);
		};
/* End PBXProject section */

/* Begin PBXResourcesBuildPhase section */
		A6D6DEAF2959634F00113D20 /* Resources */ = {
			isa = PBXResourcesBuildPhase;
			buildActionMask = 2147483647;
			files = (
				A6D6DEBC2959635000113D20 /* Preview Assets.xcassets in Resources */,
				A6D6DEB92959635000113D20 /* Assets.xcassets in Resources */,
			);
			runOnlyForDeploymentPostprocessing = 0;
		};
		A6D6DEBF2959635100113D20 /* Resources */ = {
			isa = PBXResourcesBuildPhase;
			buildActionMask = 2147483647;
			files = (
			);
			runOnlyForDeploymentPostprocessing = 0;
		};
		A6D6DEC92959635100113D20 /* Resources */ = {
			isa = PBXResourcesBuildPhase;
			buildActionMask = 2147483647;
			files = (
			);
			runOnlyForDeploymentPostprocessing = 0;
		};
/* End PBXResourcesBuildPhase section */

/* Begin PBXSourcesBuildPhase section */
		A6D6DEAD2959634F00113D20 /* Sources */ = {
			isa = PBXSourcesBuildPhase;
			buildActionMask = 2147483647;
			files = (
				A6D6DEFD2959AD8B00113D20 /* HomeScreenCoordinator.swift in Sources */,
				A6D6DEF4295988F600113D20 /* SignUpDelegate.swift in Sources */,
				A6D6DEE82959710400113D20 /* OptionView.swift in Sources */,
				A6D6DEFA2959A51E00113D20 /* SecureInputField.swift in Sources */,
				A6D6DEF62959892D00113D20 /* SignInDelegate.swift in Sources */,
				A6D6DEF02959842A00113D20 /* SignInWithPassKeyView.swift in Sources */,
				A6D6DEEC295977E700113D20 /* MainCoordinator.swift in Sources */,
				A6D6DEEA2959736700113D20 /* SignInWithPasswordView.swift in Sources */,
				A6D6DF032959B85C00113D20 /* ThemeColor.swift in Sources */,
				A6D6DF062959BFC600113D20 /* MyAccount.swift in Sources */,
				A6D6DEB72959634F00113D20 /* SignUpWithPasswordView.swift in Sources */,
				A6D6DEB52959634F00113D20 /* PasskeyExperimentApp.swift in Sources */,
				A6D6DEE6295970DA00113D20 /* TextFieldView.swift in Sources */,
				A6D6DEF829598ADF00113D20 /* SignUpWithPasskeyView.swift in Sources */,
				A6D6DF002959B2B000113D20 /* ProfileView.swift in Sources */,
				A6D6DEE4295970AD00113D20 /* ButtonView.swift in Sources */,
				A6D6DEE02959651700113D20 /* GlobalStrings.swift in Sources */,
				A6D6DEE22959707600113D20 /* TitleView.swift in Sources */,
			);
			runOnlyForDeploymentPostprocessing = 0;
		};
		A6D6DEBD2959635100113D20 /* Sources */ = {
			isa = PBXSourcesBuildPhase;
			buildActionMask = 2147483647;
			files = (
				A6D6DEC62959635100113D20 /* PasskeyExperimentTests.swift in Sources */,
			);
			runOnlyForDeploymentPostprocessing = 0;
		};
		A6D6DEC72959635100113D20 /* Sources */ = {
			isa = PBXSourcesBuildPhase;
			buildActionMask = 2147483647;
			files = (
				A6D6DED22959635100113D20 /* PasskeyExperimentUITestsLaunchTests.swift in Sources */,
				A6D6DED02959635100113D20 /* PasskeyExperimentUITests.swift in Sources */,
			);
			runOnlyForDeploymentPostprocessing = 0;
		};
/* End PBXSourcesBuildPhase section */

/* Begin PBXTargetDependency section */
		A6D6DEC32959635100113D20 /* PBXTargetDependency */ = {
			isa = PBXTargetDependency;
			target = A6D6DEB02959634F00113D20 /* PasskeyExperiment */;
			targetProxy = A6D6DEC22959635100113D20 /* PBXContainerItemProxy */;
		};
		A6D6DECD2959635100113D20 /* PBXTargetDependency */ = {
			isa = PBXTargetDependency;
			target = A6D6DEB02959634F00113D20 /* PasskeyExperiment */;
			targetProxy = A6D6DECC2959635100113D20 /* PBXContainerItemProxy */;
		};
/* End PBXTargetDependency section */

/* Begin XCBuildConfiguration section */
		A6D6DED32959635100113D20 /* Debug */ = {
			isa = XCBuildConfiguration;
			buildSettings = {
				ALWAYS_SEARCH_USER_PATHS = NO;
				CLANG_ANALYZER_NONNULL = YES;
				CLANG_ANALYZER_NUMBER_OBJECT_CONVERSION = YES_AGGRESSIVE;
				CLANG_CXX_LANGUAGE_STANDARD = "gnu++20";
				CLANG_ENABLE_MODULES = YES;
				CLANG_ENABLE_OBJC_ARC = YES;
				CLANG_ENABLE_OBJC_WEAK = YES;
				CLANG_WARN_BLOCK_CAPTURE_AUTORELEASING = YES;
				CLANG_WARN_BOOL_CONVERSION = YES;
				CLANG_WARN_COMMA = YES;
				CLANG_WARN_CONSTANT_CONVERSION = YES;
				CLANG_WARN_DEPRECATED_OBJC_IMPLEMENTATIONS = YES;
				CLANG_WARN_DIRECT_OBJC_ISA_USAGE = YES_ERROR;
				CLANG_WARN_DOCUMENTATION_COMMENTS = YES;
				CLANG_WARN_EMPTY_BODY = YES;
				CLANG_WARN_ENUM_CONVERSION = YES;
				CLANG_WARN_INFINITE_RECURSION = YES;
				CLANG_WARN_INT_CONVERSION = YES;
				CLANG_WARN_NON_LITERAL_NULL_CONVERSION = YES;
				CLANG_WARN_OBJC_IMPLICIT_RETAIN_SELF = YES;
				CLANG_WARN_OBJC_LITERAL_CONVERSION = YES;
				CLANG_WARN_OBJC_ROOT_CLASS = YES_ERROR;
				CLANG_WARN_QUOTED_INCLUDE_IN_FRAMEWORK_HEADER = YES;
				CLANG_WARN_RANGE_LOOP_ANALYSIS = YES;
				CLANG_WARN_STRICT_PROTOTYPES = YES;
				CLANG_WARN_SUSPICIOUS_MOVE = YES;
				CLANG_WARN_UNGUARDED_AVAILABILITY = YES_AGGRESSIVE;
				CLANG_WARN_UNREACHABLE_CODE = YES;
				CLANG_WARN__DUPLICATE_METHOD_MATCH = YES;
				COPY_PHASE_STRIP = NO;
				DEBUG_INFORMATION_FORMAT = dwarf;
				ENABLE_STRICT_OBJC_MSGSEND = YES;
				ENABLE_TESTABILITY = YES;
				GCC_C_LANGUAGE_STANDARD = gnu11;
				GCC_DYNAMIC_NO_PIC = NO;
				GCC_NO_COMMON_BLOCKS = YES;
				GCC_OPTIMIZATION_LEVEL = 0;
				GCC_PREPROCESSOR_DEFINITIONS = (
					"DEBUG=1",
					"$(inherited)",
				);
				GCC_WARN_64_TO_32_BIT_CONVERSION = YES;
				GCC_WARN_ABOUT_RETURN_TYPE = YES_ERROR;
				GCC_WARN_UNDECLARED_SELECTOR = YES;
				GCC_WARN_UNINITIALIZED_AUTOS = YES_AGGRESSIVE;
				GCC_WARN_UNUSED_FUNCTION = YES;
				GCC_WARN_UNUSED_VARIABLE = YES;
				IPHONEOS_DEPLOYMENT_TARGET = 16.1;
				MTL_ENABLE_DEBUG_INFO = INCLUDE_SOURCE;
				MTL_FAST_MATH = YES;
				ONLY_ACTIVE_ARCH = YES;
				SDKROOT = iphoneos;
				SWIFT_ACTIVE_COMPILATION_CONDITIONS = DEBUG;
				SWIFT_OPTIMIZATION_LEVEL = "-Onone";
			};
			name = Debug;
		};
		A6D6DED42959635100113D20 /* Release */ = {
			isa = XCBuildConfiguration;
			buildSettings = {
				ALWAYS_SEARCH_USER_PATHS = NO;
				CLANG_ANALYZER_NONNULL = YES;
				CLANG_ANALYZER_NUMBER_OBJECT_CONVERSION = YES_AGGRESSIVE;
				CLANG_CXX_LANGUAGE_STANDARD = "gnu++20";
				CLANG_ENABLE_MODULES = YES;
				CLANG_ENABLE_OBJC_ARC = YES;
				CLANG_ENABLE_OBJC_WEAK = YES;
				CLANG_WARN_BLOCK_CAPTURE_AUTORELEASING = YES;
				CLANG_WARN_BOOL_CONVERSION = YES;
				CLANG_WARN_COMMA = YES;
				CLANG_WARN_CONSTANT_CONVERSION = YES;
				CLANG_WARN_DEPRECATED_OBJC_IMPLEMENTATIONS = YES;
				CLANG_WARN_DIRECT_OBJC_ISA_USAGE = YES_ERROR;
				CLANG_WARN_DOCUMENTATION_COMMENTS = YES;
				CLANG_WARN_EMPTY_BODY = YES;
				CLANG_WARN_ENUM_CONVERSION = YES;
				CLANG_WARN_INFINITE_RECURSION = YES;
				CLANG_WARN_INT_CONVERSION = YES;
				CLANG_WARN_NON_LITERAL_NULL_CONVERSION = YES;
				CLANG_WARN_OBJC_IMPLICIT_RETAIN_SELF = YES;
				CLANG_WARN_OBJC_LITERAL_CONVERSION = YES;
				CLANG_WARN_OBJC_ROOT_CLASS = YES_ERROR;
				CLANG_WARN_QUOTED_INCLUDE_IN_FRAMEWORK_HEADER = YES;
				CLANG_WARN_RANGE_LOOP_ANALYSIS = YES;
				CLANG_WARN_STRICT_PROTOTYPES = YES;
				CLANG_WARN_SUSPICIOUS_MOVE = YES;
				CLANG_WARN_UNGUARDED_AVAILABILITY = YES_AGGRESSIVE;
				CLANG_WARN_UNREACHABLE_CODE = YES;
				CLANG_WARN__DUPLICATE_METHOD_MATCH = YES;
				COPY_PHASE_STRIP = NO;
				DEBUG_INFORMATION_FORMAT = "dwarf-with-dsym";
				ENABLE_NS_ASSERTIONS = NO;
				ENABLE_STRICT_OBJC_MSGSEND = YES;
				GCC_C_LANGUAGE_STANDARD = gnu11;
				GCC_NO_COMMON_BLOCKS = YES;
				GCC_WARN_64_TO_32_BIT_CONVERSION = YES;
				GCC_WARN_ABOUT_RETURN_TYPE = YES_ERROR;
				GCC_WARN_UNDECLARED_SELECTOR = YES;
				GCC_WARN_UNINITIALIZED_AUTOS = YES_AGGRESSIVE;
				GCC_WARN_UNUSED_FUNCTION = YES;
				GCC_WARN_UNUSED_VARIABLE = YES;
				IPHONEOS_DEPLOYMENT_TARGET = 16.1;
				MTL_ENABLE_DEBUG_INFO = NO;
				MTL_FAST_MATH = YES;
				SDKROOT = iphoneos;
				SWIFT_COMPILATION_MODE = wholemodule;
				SWIFT_OPTIMIZATION_LEVEL = "-O";
				VALIDATE_PRODUCT = YES;
			};
			name = Release;
		};
		A6D6DED62959635100113D20 /* Debug */ = {
			isa = XCBuildConfiguration;
			buildSettings = {
				ASSETCATALOG_COMPILER_APPICON_NAME = AppIcon;
				ASSETCATALOG_COMPILER_GLOBAL_ACCENT_COLOR_NAME = AccentColor;
				CODE_SIGN_STYLE = Automatic;
				CURRENT_PROJECT_VERSION = 1;
				DEVELOPMENT_ASSET_PATHS = "\"PasskeyExperiment/Preview Content\"";
				DEVELOPMENT_TEAM = 29325LMVMX;
				ENABLE_PREVIEWS = YES;
				GENERATE_INFOPLIST_FILE = YES;
				INFOPLIST_KEY_UIApplicationSceneManifest_Generation = YES;
				INFOPLIST_KEY_UIApplicationSupportsIndirectInputEvents = YES;
				INFOPLIST_KEY_UILaunchScreen_Generation = YES;
				INFOPLIST_KEY_UISupportedInterfaceOrientations_iPad = "UIInterfaceOrientationPortrait UIInterfaceOrientationPortraitUpsideDown UIInterfaceOrientationLandscapeLeft UIInterfaceOrientationLandscapeRight";
				INFOPLIST_KEY_UISupportedInterfaceOrientations_iPhone = "UIInterfaceOrientationPortrait UIInterfaceOrientationLandscapeLeft UIInterfaceOrientationLandscapeRight";
				LD_RUNPATH_SEARCH_PATHS = (
					"$(inherited)",
					"@executable_path/Frameworks",
				);
				MARKETING_VERSION = 1.0;
				PRODUCT_BUNDLE_IDENTIFIER = "com.surya-digital.PasskeyExperiment";
				PRODUCT_NAME = "$(TARGET_NAME)";
				SWIFT_EMIT_LOC_STRINGS = YES;
				SWIFT_VERSION = 5.0;
				TARGETED_DEVICE_FAMILY = "1,2";
			};
			name = Debug;
		};
		A6D6DED72959635100113D20 /* Release */ = {
			isa = XCBuildConfiguration;
			buildSettings = {
				ASSETCATALOG_COMPILER_APPICON_NAME = AppIcon;
				ASSETCATALOG_COMPILER_GLOBAL_ACCENT_COLOR_NAME = AccentColor;
				CODE_SIGN_STYLE = Automatic;
				CURRENT_PROJECT_VERSION = 1;
				DEVELOPMENT_ASSET_PATHS = "\"PasskeyExperiment/Preview Content\"";
				DEVELOPMENT_TEAM = 29325LMVMX;
				ENABLE_PREVIEWS = YES;
				GENERATE_INFOPLIST_FILE = YES;
				INFOPLIST_KEY_UIApplicationSceneManifest_Generation = YES;
				INFOPLIST_KEY_UIApplicationSupportsIndirectInputEvents = YES;
				INFOPLIST_KEY_UILaunchScreen_Generation = YES;
				INFOPLIST_KEY_UISupportedInterfaceOrientations_iPad = "UIInterfaceOrientationPortrait UIInterfaceOrientationPortraitUpsideDown UIInterfaceOrientationLandscapeLeft UIInterfaceOrientationLandscapeRight";
				INFOPLIST_KEY_UISupportedInterfaceOrientations_iPhone = "UIInterfaceOrientationPortrait UIInterfaceOrientationLandscapeLeft UIInterfaceOrientationLandscapeRight";
				LD_RUNPATH_SEARCH_PATHS = (
					"$(inherited)",
					"@executable_path/Frameworks",
				);
				MARKETING_VERSION = 1.0;
				PRODUCT_BUNDLE_IDENTIFIER = "com.surya-digital.PasskeyExperiment";
				PRODUCT_NAME = "$(TARGET_NAME)";
				SWIFT_EMIT_LOC_STRINGS = YES;
				SWIFT_VERSION = 5.0;
				TARGETED_DEVICE_FAMILY = "1,2";
			};
			name = Release;
		};
		A6D6DED92959635100113D20 /* Debug */ = {
			isa = XCBuildConfiguration;
			buildSettings = {
				ALWAYS_EMBED_SWIFT_STANDARD_LIBRARIES = YES;
				BUNDLE_LOADER = "$(TEST_HOST)";
				CODE_SIGN_STYLE = Automatic;
				CURRENT_PROJECT_VERSION = 1;
				DEVELOPMENT_TEAM = 29325LMVMX;
				GENERATE_INFOPLIST_FILE = YES;
				IPHONEOS_DEPLOYMENT_TARGET = 16.1;
				MARKETING_VERSION = 1.0;
				PRODUCT_BUNDLE_IDENTIFIER = "com.surya-digital.PasskeyExperimentTests";
				PRODUCT_NAME = "$(TARGET_NAME)";
				SWIFT_EMIT_LOC_STRINGS = NO;
				SWIFT_VERSION = 5.0;
				TARGETED_DEVICE_FAMILY = "1,2";
				TEST_HOST = "$(BUILT_PRODUCTS_DIR)/PasskeyExperiment.app/$(BUNDLE_EXECUTABLE_FOLDER_PATH)/PasskeyExperiment";
			};
			name = Debug;
		};
		A6D6DEDA2959635100113D20 /* Release */ = {
			isa = XCBuildConfiguration;
			buildSettings = {
				ALWAYS_EMBED_SWIFT_STANDARD_LIBRARIES = YES;
				BUNDLE_LOADER = "$(TEST_HOST)";
				CODE_SIGN_STYLE = Automatic;
				CURRENT_PROJECT_VERSION = 1;
				DEVELOPMENT_TEAM = 29325LMVMX;
				GENERATE_INFOPLIST_FILE = YES;
				IPHONEOS_DEPLOYMENT_TARGET = 16.1;
				MARKETING_VERSION = 1.0;
				PRODUCT_BUNDLE_IDENTIFIER = "com.surya-digital.PasskeyExperimentTests";
				PRODUCT_NAME = "$(TARGET_NAME)";
				SWIFT_EMIT_LOC_STRINGS = NO;
				SWIFT_VERSION = 5.0;
				TARGETED_DEVICE_FAMILY = "1,2";
				TEST_HOST = "$(BUILT_PRODUCTS_DIR)/PasskeyExperiment.app/$(BUNDLE_EXECUTABLE_FOLDER_PATH)/PasskeyExperiment";
			};
			name = Release;
		};
		A6D6DEDC2959635100113D20 /* Debug */ = {
			isa = XCBuildConfiguration;
			buildSettings = {
				ALWAYS_EMBED_SWIFT_STANDARD_LIBRARIES = YES;
				CODE_SIGN_STYLE = Automatic;
				CURRENT_PROJECT_VERSION = 1;
				DEVELOPMENT_TEAM = 29325LMVMX;
				GENERATE_INFOPLIST_FILE = YES;
				MARKETING_VERSION = 1.0;
				PRODUCT_BUNDLE_IDENTIFIER = "com.surya-digital.PasskeyExperimentUITests";
				PRODUCT_NAME = "$(TARGET_NAME)";
				SWIFT_EMIT_LOC_STRINGS = NO;
				SWIFT_VERSION = 5.0;
				TARGETED_DEVICE_FAMILY = "1,2";
				TEST_TARGET_NAME = PasskeyExperiment;
			};
			name = Debug;
		};
		A6D6DEDD2959635100113D20 /* Release */ = {
			isa = XCBuildConfiguration;
			buildSettings = {
				ALWAYS_EMBED_SWIFT_STANDARD_LIBRARIES = YES;
				CODE_SIGN_STYLE = Automatic;
				CURRENT_PROJECT_VERSION = 1;
				DEVELOPMENT_TEAM = 29325LMVMX;
				GENERATE_INFOPLIST_FILE = YES;
				MARKETING_VERSION = 1.0;
				PRODUCT_BUNDLE_IDENTIFIER = "com.surya-digital.PasskeyExperimentUITests";
				PRODUCT_NAME = "$(TARGET_NAME)";
				SWIFT_EMIT_LOC_STRINGS = NO;
				SWIFT_VERSION = 5.0;
				TARGETED_DEVICE_FAMILY = "1,2";
				TEST_TARGET_NAME = PasskeyExperiment;
			};
			name = Release;
		};
/* End XCBuildConfiguration section */

/* Begin XCConfigurationList section */
		A6D6DEAC2959634F00113D20 /* Build configuration list for PBXProject "PasskeyExperiment" */ = {
			isa = XCConfigurationList;
			buildConfigurations = (
				A6D6DED32959635100113D20 /* Debug */,
				A6D6DED42959635100113D20 /* Release */,
			);
			defaultConfigurationIsVisible = 0;
			defaultConfigurationName = Release;
		};
		A6D6DED52959635100113D20 /* Build configuration list for PBXNativeTarget "PasskeyExperiment" */ = {
			isa = XCConfigurationList;
			buildConfigurations = (
				A6D6DED62959635100113D20 /* Debug */,
				A6D6DED72959635100113D20 /* Release */,
			);
			defaultConfigurationIsVisible = 0;
			defaultConfigurationName = Release;
		};
		A6D6DED82959635100113D20 /* Build configuration list for PBXNativeTarget "PasskeyExperimentTests" */ = {
			isa = XCConfigurationList;
			buildConfigurations = (
				A6D6DED92959635100113D20 /* Debug */,
				A6D6DEDA2959635100113D20 /* Release */,
			);
			defaultConfigurationIsVisible = 0;
			defaultConfigurationName = Release;
		};
		A6D6DEDB2959635100113D20 /* Build configuration list for PBXNativeTarget "PasskeyExperimentUITests" */ = {
			isa = XCConfigurationList;
			buildConfigurations = (
				A6D6DEDC2959635100113D20 /* Debug */,
				A6D6DEDD2959635100113D20 /* Release */,
			);
			defaultConfigurationIsVisible = 0;
			defaultConfigurationName = Release;
		};
/* End XCConfigurationList section */
	};
	rootObject = A6D6DEA92959634F00113D20 /* Project object */;
}
